
Microsoft Visual Studio Solution File, Format Version 12.00
# Visual Studio 2013
VisualStudioVersion = 12.0.31101.0
MinimumVisualStudioVersion = 10.0.40219.1
Project("{FAE04EC0-301F-11D3-BF4B-00C04F79EFBC}") = "SLRFC.PlayerManager", "SLRFC.PlayerManager\SLRFC.PlayerManager.csproj", "{4DC27C60-4D90-458C-8B8F-AFED99B0CF41}"
EndProject
Project("{FAE04EC0-301F-11D3-BF4B-00C04F79EFBC}") = "SLRFC.Model", "SLRFC.Model\SLRFC.Model.csproj", "{3347F1E7-265F-41C9-9A38-ACF731524A29}"
EndProject
Project("{FAE04EC0-301F-11D3-BF4B-00C04F79EFBC}") = "SLRFC.TestHarness", "SLRFC.TestHarness\SLRFC.TestHarness.csproj", "{7EF45816-9821-40A6-AD46-160A5463ACA7}"
EndProject
Project("{FAE04EC0-301F-11D3-BF4B-00C04F79EFBC}") = "SLRFC.Business", "SLRFC.Business\SLRFC.Business.csproj", "{FBCA7263-1799-4A20-81BB-6A9645E10F3C}"
EndProject
Global
	GlobalSection(SolutionConfigurationPlatforms) = preSolution
		Debug|Any CPU = Debug|Any CPU
		Release|Any CPU = Release|Any CPU
	EndGlobalSection
	GlobalSection(ProjectConfigurationPlatforms) = postSolution
		{4DC27C60-4D90-458C-8B8F-AFED99B0CF41}.Debug|Any CPU.ActiveCfg = Debug|Any CPU
		{4DC27C60-4D90-458C-8B8F-AFED99B0CF41}.Debug|Any CPU.Build.0 = Debug|Any CPU
		{4DC27C60-4D90-458C-8B8F-AFED99B0CF41}.Release|Any CPU.ActiveCfg = Release|Any CPU
		{4DC27C60-4D90-458C-8B8F-AFED99B0CF41}.Release|Any CPU.Build.0 = Release|Any CPU
		{3347F1E7-265F-41C9-9A38-ACF731524A29}.Debug|Any CPU.ActiveCfg = Debug|Any CPU
		{3347F1E7-265F-41C9-9A38-ACF731524A29}.Debug|Any CPU.Build.0 = Debug|Any CPU
		{3347F1E7-265F-41C9-9A38-ACF731524A29}.Release|Any CPU.ActiveCfg = Release|Any CPU
		{3347F1E7-265F-41C9-9A38-ACF731524A29}.Release|Any CPU.Build.0 = Release|Any CPU
		{7EF45816-9821-40A6-AD46-160A5463ACA7}.Debug|Any CPU.ActiveCfg = Debug|Any CPU
		{7EF45816-9821-40A6-AD46-160A5463ACA7}.Debug|Any CPU.Build.0 = Debug|Any CPU
		{7EF45816-9821-40A6-AD46-160A5463ACA7}.Release|Any CPU.ActiveCfg = Release|Any CPU
		{7EF45816-9821-40A6-AD46-160A5463ACA7}.Release|Any CPU.Build.0 = Release|Any CPU
		{FBCA7263-1799-4A20-81BB-6A9645E10F3C}.Debug|Any CPU.ActiveCfg = Debug|Any CPU
		{FBCA7263-1799-4A20-81BB-6A9645E10F3C}.Debug|Any CPU.Build.0 = Debug|Any CPU
		{FBCA7263-1799-4A20-81BB-6A9645E10F3C}.Release|Any CPU.ActiveCfg = Release|Any CPU
		{FBCA7263-1799-4A20-81BB-6A9645E10F3C}.Release|Any CPU.Build.0 = Release|Any CPU
	EndGlobalSection
	GlobalSection(SolutionProperties) = preSolution
		HideSolutionNode = FALSE
	EndGlobalSection
EndGlobal
